
Microsoft Visual Studio Solution File, Format Version 12.00
# Visual Studio 15
VisualStudioVersion = 15.0.26730.16
MinimumVisualStudioVersion = 10.0.40219.1
Project("{2150E333-8FDC-42A3-9474-1A3956D46DE8}") = "Data", "Data", "{3ABD3EAC-85E7-43D9-8C4A-185027F23589}"
EndProject
Project("{2150E333-8FDC-42A3-9474-1A3956D46DE8}") = "Library", "Library", "{23455369-9932-4DA2-812E-14F5D58AF2A0}"
EndProject
Project("{FAE04EC0-301F-11D3-BF4B-00C04F79EFBC}") = "Access", "Access\Access.csproj", "{26C3C4F4-B1DA-4EBB-A17D-D8A221529077}"
EndProject
Project("{FAE04EC0-301F-11D3-BF4B-00C04F79EFBC}") = "Entities", "Entities\Entities.csproj", "{0D7511A5-2A3C-4F1A-ACCC-867167EA34E4}"
EndProject
Project("{2150E333-8FDC-42A3-9474-1A3956D46DE8}") = "UserAPI", "UserAPI", "{313B63C8-5371-4160-8A6F-43D1A4D33D80}"
EndProject
Project("{2150E333-8FDC-42A3-9474-1A3956D46DE8}") = "SearchAPI", "SearchAPI", "{8723C763-2265-4CFF-8F33-8883BA450BE4}"
EndProject
Project("{FAE04EC0-301F-11D3-BF4B-00C04F79EFBC}") = "UserSearchAPI", "UserSearchAPI\UserSearchAPI.csproj", "{3995F7A6-3D41-4026-8AF6-1D53DC997962}"
EndProject
Project("{FAE04EC0-301F-11D3-BF4B-00C04F79EFBC}") = "Interfaces", "Interfaces\Interfaces.csproj", "{1C041AD8-6BC9-4B89-AD93-67F558A7A5D0}"
EndProject
Project("{FAE04EC0-301F-11D3-BF4B-00C04F79EFBC}") = "Services", "Services\Services.csproj", "{C0BD098C-3690-4113-B507-F15AFCADD5E6}"
EndProject
Project("{2150E333-8FDC-42A3-9474-1A3956D46DE8}") = "Utility", "Utility", "{DD6DAF86-1342-401D-BF42-8FC1129D1B53}"
	ProjectSection(SolutionItems) = preProject
		..\..\..\Architecture Diagram.PNG = ..\..\..\Architecture Diagram.PNG
	EndProjectSection
EndProject
Project("{FAE04EC0-301F-11D3-BF4B-00C04F79EFBC}") = "AESAlgoritham", "AESAlgoritham\AESAlgoritham.csproj", "{453E93F0-DDC4-4B59-A434-35E45332BFC0}"
EndProject
Project("{FAE04EC0-301F-11D3-BF4B-00C04F79EFBC}") = "UserRegisterAPI", "UserRegisterAPI\UserRegisterAPI.csproj", "{EB6DC706-A95E-401D-BD65-1684B4E1E797}"
EndProject
Project("{FAE04EC0-301F-11D3-BF4B-00C04F79EFBC}") = "TokenApp", "TokenApp\TokenApp.csproj", "{78E15E1C-BC42-4A8D-9EDA-FA1C20A3D9C9}"
EndProject
Global
	GlobalSection(SolutionConfigurationPlatforms) = preSolution
		Debug|Any CPU = Debug|Any CPU
		Release|Any CPU = Release|Any CPU
	EndGlobalSection
	GlobalSection(ProjectConfigurationPlatforms) = postSolution
		{26C3C4F4-B1DA-4EBB-A17D-D8A221529077}.Debug|Any CPU.ActiveCfg = Debug|Any CPU
		{26C3C4F4-B1DA-4EBB-A17D-D8A221529077}.Debug|Any CPU.Build.0 = Debug|Any CPU
		{26C3C4F4-B1DA-4EBB-A17D-D8A221529077}.Release|Any CPU.ActiveCfg = Release|Any CPU
		{26C3C4F4-B1DA-4EBB-A17D-D8A221529077}.Release|Any CPU.Build.0 = Release|Any CPU
		{0D7511A5-2A3C-4F1A-ACCC-867167EA34E4}.Debug|Any CPU.ActiveCfg = Debug|Any CPU
		{0D7511A5-2A3C-4F1A-ACCC-867167EA34E4}.Debug|Any CPU.Build.0 = Debug|Any CPU
		{0D7511A5-2A3C-4F1A-ACCC-867167EA34E4}.Release|Any CPU.ActiveCfg = Release|Any CPU
		{0D7511A5-2A3C-4F1A-ACCC-867167EA34E4}.Release|Any CPU.Build.0 = Release|Any CPU
		{3995F7A6-3D41-4026-8AF6-1D53DC997962}.Debug|Any CPU.ActiveCfg = Debug|Any CPU
		{3995F7A6-3D41-4026-8AF6-1D53DC997962}.Debug|Any CPU.Build.0 = Debug|Any CPU
		{3995F7A6-3D41-4026-8AF6-1D53DC997962}.Release|Any CPU.ActiveCfg = Release|Any CPU
		{3995F7A6-3D41-4026-8AF6-1D53DC997962}.Release|Any CPU.Build.0 = Release|Any CPU
		{1C041AD8-6BC9-4B89-AD93-67F558A7A5D0}.Debug|Any CPU.ActiveCfg = Debug|Any CPU
		{1C041AD8-6BC9-4B89-AD93-67F558A7A5D0}.Debug|Any CPU.Build.0 = Debug|Any CPU
		{1C041AD8-6BC9-4B89-AD93-67F558A7A5D0}.Release|Any CPU.ActiveCfg = Release|Any CPU
		{1C041AD8-6BC9-4B89-AD93-67F558A7A5D0}.Release|Any CPU.Build.0 = Release|Any CPU
		{C0BD098C-3690-4113-B507-F15AFCADD5E6}.Debug|Any CPU.ActiveCfg = Debug|Any CPU
		{C0BD098C-3690-4113-B507-F15AFCADD5E6}.Debug|Any CPU.Build.0 = Debug|Any CPU
		{C0BD098C-3690-4113-B507-F15AFCADD5E6}.Release|Any CPU.ActiveCfg = Release|Any CPU
		{C0BD098C-3690-4113-B507-F15AFCADD5E6}.Release|Any CPU.Build.0 = Release|Any CPU
		{453E93F0-DDC4-4B59-A434-35E45332BFC0}.Debug|Any CPU.ActiveCfg = Debug|Any CPU
		{453E93F0-DDC4-4B59-A434-35E45332BFC0}.Debug|Any CPU.Build.0 = Debug|Any CPU
		{453E93F0-DDC4-4B59-A434-35E45332BFC0}.Release|Any CPU.ActiveCfg = Release|Any CPU
		{453E93F0-DDC4-4B59-A434-35E45332BFC0}.Release|Any CPU.Build.0 = Release|Any CPU
		{EB6DC706-A95E-401D-BD65-1684B4E1E797}.Debug|Any CPU.ActiveCfg = Debug|Any CPU
		{EB6DC706-A95E-401D-BD65-1684B4E1E797}.Debug|Any CPU.Build.0 = Debug|Any CPU
		{EB6DC706-A95E-401D-BD65-1684B4E1E797}.Release|Any CPU.ActiveCfg = Release|Any CPU
		{EB6DC706-A95E-401D-BD65-1684B4E1E797}.Release|Any CPU.Build.0 = Release|Any CPU
		{78E15E1C-BC42-4A8D-9EDA-FA1C20A3D9C9}.Debug|Any CPU.ActiveCfg = Debug|Any CPU
		{78E15E1C-BC42-4A8D-9EDA-FA1C20A3D9C9}.Debug|Any CPU.Build.0 = Debug|Any CPU
		{78E15E1C-BC42-4A8D-9EDA-FA1C20A3D9C9}.Release|Any CPU.ActiveCfg = Release|Any CPU
		{78E15E1C-BC42-4A8D-9EDA-FA1C20A3D9C9}.Release|Any CPU.Build.0 = Release|Any CPU
	EndGlobalSection
	GlobalSection(SolutionProperties) = preSolution
		HideSolutionNode = FALSE
	EndGlobalSection
	GlobalSection(NestedProjects) = preSolution
		{26C3C4F4-B1DA-4EBB-A17D-D8A221529077} = {3ABD3EAC-85E7-43D9-8C4A-185027F23589}
		{0D7511A5-2A3C-4F1A-ACCC-867167EA34E4} = {3ABD3EAC-85E7-43D9-8C4A-185027F23589}
		{3995F7A6-3D41-4026-8AF6-1D53DC997962} = {8723C763-2265-4CFF-8F33-8883BA450BE4}
		{1C041AD8-6BC9-4B89-AD93-67F558A7A5D0} = {23455369-9932-4DA2-812E-14F5D58AF2A0}
		{C0BD098C-3690-4113-B507-F15AFCADD5E6} = {23455369-9932-4DA2-812E-14F5D58AF2A0}
		{453E93F0-DDC4-4B59-A434-35E45332BFC0} = {DD6DAF86-1342-401D-BF42-8FC1129D1B53}
		{EB6DC706-A95E-401D-BD65-1684B4E1E797} = {313B63C8-5371-4160-8A6F-43D1A4D33D80}
		{78E15E1C-BC42-4A8D-9EDA-FA1C20A3D9C9} = {DD6DAF86-1342-401D-BF42-8FC1129D1B53}
	EndGlobalSection
	GlobalSection(ExtensibilityGlobals) = postSolution
		SolutionGuid = {7E3AC39A-6659-40A1-B9A5-FDFBF5203A6B}
	EndGlobalSection
EndGlobal
